dependencies:
- name: qdrant
  repository: https://qdrant.github.io/qdrant-helm
  version: 1.13.4
- name: redis
  repository: https://charts.bitnami.com/bitnami
  version: 20.10.0
- name: keycloak
  repository: ""
  version: 0.0.0
- name: clickhouse
  repository: ""
  version: 0.0.0
- name: postgres
  repository: ""
  version: 0.0.0
- name: pdf2md
  repository: https://devflowinc.github.io/trieve-helm
  version: 0.0.4
digest: sha256:b7be1337a18ca785995962693431a9eab0a81052970cc66ce7c3af1e8612b5ae
generated: "2025-03-17T03:47:53.184998029-07:00"
