dependencies:
- name: qdrant
  repository: https://qdrant.github.io/qdrant-helm
  version: 1.13.4
- name: redis
  repository: https://charts.bitnami.com/bitnami
  version: 20.10.0
- name: keycloak
  repository: ""
  version: 0.0.0
- name: clickhouse
  repository: ""
  version: 0.0.0
- name: postgres
  repository: ""
  version: 0.0.0
- name: pdf2md
  repository: https://devflowinc.github.io/trieve-helm
  version: 0.0.9
digest: sha256:744c3d62d06d8fe28497ede2e08ef93006ef8c9ab5df1667f36c40a11a98cf31
generated: "2025-06-05T14:47:44.030508272-07:00"
