dependencies:
- name: qdrant
  repository: https://qdrant.github.io/qdrant-helm
  version: 1.13.4
- name: redis
  repository: https://charts.bitnami.com/bitnami
  version: 20.10.0
- name: keycloak
  repository: ""
  version: 0.0.0
- name: clickhouse
  repository: ""
  version: 0.0.0
- name: postgres
  repository: ""
  version: 0.0.0
- name: pdf2md
  repository: https://devflowinc.github.io/trieve-helm
  version: 0.0.9
- name: firecrawl-simple
  repository: https://devflowinc.github.io/trieve-helm
  version: 0.0.2
digest: sha256:d5849485f93154fd78ba37141a15f28c14c2909118a43b129dd5d74e6b298fc5
generated: "2025-06-18T22:47:02.551637575-07:00"
